
Microsoft Visual Studio Solution File, Format Version 12.00
# Visual Studio Version 16
VisualStudioVersion = 16.0.30320.27
MinimumVisualStudioVersion = 10.0.40219.1
Project("{9A19103F-16F7-4668-BE54-9A1E7A4F7556}") = "ClassAidUniversal", "ClassAidUniversal\ClassAidUniversal.csproj", "{2267CB52-7F86-49CA-B1F6-79B451298D64}"
EndProject
Project("{9A19103F-16F7-4668-BE54-9A1E7A4F7556}") = "ClassAidBackend", "ClassAidBackend\ClassAidBackend.csproj", "{883B6F06-6EEC-4B95-A75D-786C52FC5803}"
EndProject
Project("{FAE04EC0-301F-11D3-BF4B-00C04F79EFBC}") = "ClassAid Raw Test", "ClassAid Raw Test\ClassAid Raw Test.csproj", "{2F84E39F-49CD-4CFF-AC60-EB78DB21626C}"
EndProject
Global
	GlobalSection(SolutionConfigurationPlatforms) = preSolution
		Debug|Any CPU = Debug|Any CPU
		Release|Any CPU = Release|Any CPU
	EndGlobalSection
	GlobalSection(ProjectConfigurationPlatforms) = postSolution
		{2267CB52-7F86-49CA-B1F6-79B451298D64}.Debug|Any CPU.ActiveCfg = Debug|Any CPU
		{2267CB52-7F86-49CA-B1F6-79B451298D64}.Debug|Any CPU.Build.0 = Debug|Any CPU
		{2267CB52-7F86-49CA-B1F6-79B451298D64}.Release|Any CPU.ActiveCfg = Release|Any CPU
		{2267CB52-7F86-49CA-B1F6-79B451298D64}.Release|Any CPU.Build.0 = Release|Any CPU
		{883B6F06-6EEC-4B95-A75D-786C52FC5803}.Debug|Any CPU.ActiveCfg = Debug|Any CPU
		{883B6F06-6EEC-4B95-A75D-786C52FC5803}.Debug|Any CPU.Build.0 = Debug|Any CPU
		{883B6F06-6EEC-4B95-A75D-786C52FC5803}.Release|Any CPU.ActiveCfg = Release|Any CPU
		{883B6F06-6EEC-4B95-A75D-786C52FC5803}.Release|Any CPU.Build.0 = Release|Any CPU
		{2F84E39F-49CD-4CFF-AC60-EB78DB21626C}.Debug|Any CPU.ActiveCfg = Debug|Any CPU
		{2F84E39F-49CD-4CFF-AC60-EB78DB21626C}.Debug|Any CPU.Build.0 = Debug|Any CPU
		{2F84E39F-49CD-4CFF-AC60-EB78DB21626C}.Release|Any CPU.ActiveCfg = Release|Any CPU
		{2F84E39F-49CD-4CFF-AC60-EB78DB21626C}.Release|Any CPU.Build.0 = Release|Any CPU
	EndGlobalSection
	GlobalSection(SolutionProperties) = preSolution
		HideSolutionNode = FALSE
	EndGlobalSection
	GlobalSection(ExtensibilityGlobals) = postSolution
		SolutionGuid = {B6D97803-C12F-4E2C-9219-4FCA07C52193}
	EndGlobalSection
EndGlobal
