
Microsoft Visual Studio Solution File, Format Version 12.00
# Visual Studio Version 16
VisualStudioVersion = 16.0.30320.27
MinimumVisualStudioVersion = 10.0.40219.1
Project("{FAE04EC0-301F-11D3-BF4B-00C04F79EFBC}") = "ClassAid.Android", "ClassAid\ClassAid.Android\ClassAid.Android.csproj", "{3C49EB5F-E459-460B-8A58-D912957017E6}"
EndProject
Project("{FAE04EC0-301F-11D3-BF4B-00C04F79EFBC}") = "ClassAid.iOS", "ClassAid\ClassAid.iOS\ClassAid.iOS.csproj", "{5AF641BF-DF1F-4305-9148-A6F3CFB3A748}"
EndProject
Project("{9A19103F-16F7-4668-BE54-9A1E7A4F7556}") = "ClassAid", "ClassAid\ClassAid\ClassAid.csproj", "{148B6476-066A-4712-9B8A-EBAF17CC193D}"
EndProject
Global
	GlobalSection(SolutionConfigurationPlatforms) = preSolution
		Debug|Any CPU = Debug|Any CPU
		Debug|iPhone = Debug|iPhone
		Debug|iPhoneSimulator = Debug|iPhoneSimulator
		Release|Any CPU = Release|Any CPU
		Release|iPhone = Release|iPhone
		Release|iPhoneSimulator = Release|iPhoneSimulator
	EndGlobalSection
	GlobalSection(ProjectConfigurationPlatforms) = postSolution
		{3C49EB5F-E459-460B-8A58-D912957017E6}.Debug|Any CPU.ActiveCfg = Debug|Any CPU
		{3C49EB5F-E459-460B-8A58-D912957017E6}.Debug|Any CPU.Build.0 = Debug|Any CPU
		{3C49EB5F-E459-460B-8A58-D912957017E6}.Debug|Any CPU.Deploy.0 = Debug|Any CPU
		{3C49EB5F-E459-460B-8A58-D912957017E6}.Debug|iPhone.ActiveCfg = Debug|Any CPU
		{3C49EB5F-E459-460B-8A58-D912957017E6}.Debug|iPhone.Build.0 = Debug|Any CPU
		{3C49EB5F-E459-460B-8A58-D912957017E6}.Debug|iPhone.Deploy.0 = Debug|Any CPU
		{3C49EB5F-E459-460B-8A58-D912957017E6}.Debug|iPhoneSimulator.ActiveCfg = Debug|Any CPU
		{3C49EB5F-E459-460B-8A58-D912957017E6}.Debug|iPhoneSimulator.Build.0 = Debug|Any CPU
		{3C49EB5F-E459-460B-8A58-D912957017E6}.Debug|iPhoneSimulator.Deploy.0 = Debug|Any CPU
		{3C49EB5F-E459-460B-8A58-D912957017E6}.Release|Any CPU.ActiveCfg = Release|Any CPU
		{3C49EB5F-E459-460B-8A58-D912957017E6}.Release|Any CPU.Build.0 = Release|Any CPU
		{3C49EB5F-E459-460B-8A58-D912957017E6}.Release|Any CPU.Deploy.0 = Release|Any CPU
		{3C49EB5F-E459-460B-8A58-D912957017E6}.Release|iPhone.ActiveCfg = Release|Any CPU
		{3C49EB5F-E459-460B-8A58-D912957017E6}.Release|iPhone.Build.0 = Release|Any CPU
		{3C49EB5F-E459-460B-8A58-D912957017E6}.Release|iPhone.Deploy.0 = Release|Any CPU
		{3C49EB5F-E459-460B-8A58-D912957017E6}.Release|iPhoneSimulator.ActiveCfg = Release|Any CPU
		{3C49EB5F-E459-460B-8A58-D912957017E6}.Release|iPhoneSimulator.Build.0 = Release|Any CPU
		{3C49EB5F-E459-460B-8A58-D912957017E6}.Release|iPhoneSimulator.Deploy.0 = Release|Any CPU
		{5AF641BF-DF1F-4305-9148-A6F3CFB3A748}.Debug|Any CPU.ActiveCfg = Debug|iPhoneSimulator
		{5AF641BF-DF1F-4305-9148-A6F3CFB3A748}.Debug|iPhone.ActiveCfg = Debug|iPhone
		{5AF641BF-DF1F-4305-9148-A6F3CFB3A748}.Debug|iPhone.Build.0 = Debug|iPhone
		{5AF641BF-DF1F-4305-9148-A6F3CFB3A748}.Debug|iPhoneSimulator.ActiveCfg = Debug|iPhoneSimulator
		{5AF641BF-DF1F-4305-9148-A6F3CFB3A748}.Debug|iPhoneSimulator.Build.0 = Debug|iPhoneSimulator
		{5AF641BF-DF1F-4305-9148-A6F3CFB3A748}.Release|Any CPU.ActiveCfg = Release|iPhoneSimulator
		{5AF641BF-DF1F-4305-9148-A6F3CFB3A748}.Release|iPhone.ActiveCfg = Release|iPhone
		{5AF641BF-DF1F-4305-9148-A6F3CFB3A748}.Release|iPhone.Build.0 = Release|iPhone
		{5AF641BF-DF1F-4305-9148-A6F3CFB3A748}.Release|iPhoneSimulator.ActiveCfg = Release|iPhoneSimulator
		{5AF641BF-DF1F-4305-9148-A6F3CFB3A748}.Release|iPhoneSimulator.Build.0 = Release|iPhoneSimulator
		{148B6476-066A-4712-9B8A-EBAF17CC193D}.Debug|Any CPU.ActiveCfg = Debug|Any CPU
		{148B6476-066A-4712-9B8A-EBAF17CC193D}.Debug|Any CPU.Build.0 = Debug|Any CPU
		{148B6476-066A-4712-9B8A-EBAF17CC193D}.Debug|iPhone.ActiveCfg = Debug|Any CPU
		{148B6476-066A-4712-9B8A-EBAF17CC193D}.Debug|iPhone.Build.0 = Debug|Any CPU
		{148B6476-066A-4712-9B8A-EBAF17CC193D}.Debug|iPhoneSimulator.ActiveCfg = Debug|Any CPU
		{148B6476-066A-4712-9B8A-EBAF17CC193D}.Debug|iPhoneSimulator.Build.0 = Debug|Any CPU
		{148B6476-066A-4712-9B8A-EBAF17CC193D}.Release|Any CPU.ActiveCfg = Release|Any CPU
		{148B6476-066A-4712-9B8A-EBAF17CC193D}.Release|Any CPU.Build.0 = Release|Any CPU
		{148B6476-066A-4712-9B8A-EBAF17CC193D}.Release|iPhone.ActiveCfg = Release|Any CPU
		{148B6476-066A-4712-9B8A-EBAF17CC193D}.Release|iPhone.Build.0 = Release|Any CPU
		{148B6476-066A-4712-9B8A-EBAF17CC193D}.Release|iPhoneSimulator.ActiveCfg = Release|Any CPU
		{148B6476-066A-4712-9B8A-EBAF17CC193D}.Release|iPhoneSimulator.Build.0 = Release|Any CPU
	EndGlobalSection
	GlobalSection(SolutionProperties) = preSolution
		HideSolutionNode = FALSE
	EndGlobalSection
	GlobalSection(ExtensibilityGlobals) = postSolution
		SolutionGuid = {B6D97803-C12F-4E2C-9219-4FCA07C52193}
	EndGlobalSection
EndGlobal
